
Microsoft Visual Studio Solution File, Format Version 12.00
# Visual Studio Version 16
VisualStudioVersion = 16.0.31911.196
MinimumVisualStudioVersion = 10.0.40219.1
Project("{9A19103F-16F7-4668-BE54-9A1E7A4F7556}") = "DigitalDesignTask", "dd1\DigitalDesignTask.csproj", "{611B882E-0CBA-487B-9F14-5EE257C860A1}"
EndProject
Global
	GlobalSection(SolutionConfigurationPlatforms) = preSolution
		Debug|Any CPU = Debug|Any CPU
		Release|Any CPU = Release|Any CPU
	EndGlobalSection
	GlobalSection(ProjectConfigurationPlatforms) = postSolution
		{611B882E-0CBA-487B-9F14-5EE257C860A1}.Debug|Any CPU.ActiveCfg = Debug|Any CPU
		{611B882E-0CBA-487B-9F14-5EE257C860A1}.Debug|Any CPU.Build.0 = Debug|Any CPU
		{611B882E-0CBA-487B-9F14-5EE257C860A1}.Release|Any CPU.ActiveCfg = Release|Any CPU
		{611B882E-0CBA-487B-9F14-5EE257C860A1}.Release|Any CPU.Build.0 = Release|Any CPU
	EndGlobalSection
	GlobalSection(SolutionProperties) = preSolution
		HideSolutionNode = FALSE
	EndGlobalSection
	GlobalSection(ExtensibilityGlobals) = postSolution
		SolutionGuid = {416612BB-D376-4922-A477-AE5FE2E73E85}
	EndGlobalSection
EndGlobal
